
Microsoft Visual Studio Solution File, Format Version 12.00
# Visual Studio Version 17
VisualStudioVersion = 17.3.32929.385
MinimumVisualStudioVersion = 10.0.40219.1
Project("{FAE04EC0-301F-11D3-BF4B-00C04F79EFBC}") = "SpecFlowProject Test", "SpecFlowProject Test\SpecFlowProject Test.csproj", "{8FB44803-7C93-4AB4-8A44-33E3995B449A}"
EndProject
Global
	GlobalSection(SolutionConfigurationPlatforms) = preSolution
		Debug|Any CPU = Debug|Any CPU
		Release|Any CPU = Release|Any CPU
	EndGlobalSection
	GlobalSection(ProjectConfigurationPlatforms) = postSolution
		{8FB44803-7C93-4AB4-8A44-33E3995B449A}.Debug|Any CPU.ActiveCfg = Debug|Any CPU
		{8FB44803-7C93-4AB4-8A44-33E3995B449A}.Debug|Any CPU.Build.0 = Debug|Any CPU
		{8FB44803-7C93-4AB4-8A44-33E3995B449A}.Release|Any CPU.ActiveCfg = Release|Any CPU
		{8FB44803-7C93-4AB4-8A44-33E3995B449A}.Release|Any CPU.Build.0 = Release|Any CPU
	EndGlobalSection
	GlobalSection(SolutionProperties) = preSolution
		HideSolutionNode = FALSE
	EndGlobalSection
	GlobalSection(ExtensibilityGlobals) = postSolution
		SolutionGuid = {1444027B-56A7-4567-A1E0-9FE3BC01007D}
	EndGlobalSection
EndGlobal
